
Microsoft Visual Studio Solution File, Format Version 12.00
# Visual Studio Version 16
VisualStudioVersion = 16.0.29926.136
MinimumVisualStudioVersion = 10.0.40219.1
Project("{FAE04EC0-301F-11D3-BF4B-00C04F79EFBC}") = "BeanBreaker", "BeanBreaker.csproj", "{AA739598-1331-4BAF-896F-65BA9B1C4ADE}"
EndProject
Global
	GlobalSection(SolutionConfigurationPlatforms) = preSolution
		Debug|Any CPU = Debug|Any CPU
		Release|Any CPU = Release|Any CPU
	EndGlobalSection
	GlobalSection(ProjectConfigurationPlatforms) = postSolution
		{AA739598-1331-4BAF-896F-65BA9B1C4ADE}.Debug|Any CPU.ActiveCfg = Debug|Any CPU
		{AA739598-1331-4BAF-896F-65BA9B1C4ADE}.Debug|Any CPU.Build.0 = Debug|Any CPU
		{AA739598-1331-4BAF-896F-65BA9B1C4ADE}.Release|Any CPU.ActiveCfg = Release|Any CPU
		{AA739598-1331-4BAF-896F-65BA9B1C4ADE}.Release|Any CPU.Build.0 = Release|Any CPU
	EndGlobalSection
	GlobalSection(SolutionProperties) = preSolution
		HideSolutionNode = FALSE
	EndGlobalSection
	GlobalSection(ExtensibilityGlobals) = postSolution
		SolutionGuid = {75AF74EB-777E-4A42-892A-7A333E321AA1}
	EndGlobalSection
EndGlobal
